
Microsoft Visual Studio Solution File, Format Version 12.00
# Visual Studio Version 16
VisualStudioVersion = 16.0.29230.61
MinimumVisualStudioVersion = 10.0.40219.1
Project("{8BC9CEB8-8B4A-11D0-8D11-00A0C91BC942}") = "Project9", "Project9.vcxproj", "{318424F8-9866-4934-AB08-39DC0EAD5D28}"
EndProject
Global
	GlobalSection(SolutionConfigurationPlatforms) = preSolution
		Debug|x64 = Debug|x64
		Debug|x86 = Debug|x86
		Release|x64 = Release|x64
		Release|x86 = Release|x86
	EndGlobalSection
	GlobalSection(ProjectConfigurationPlatforms) = postSolution
		{318424F8-9866-4934-AB08-39DC0EAD5D28}.Debug|x64.ActiveCfg = Debug|x64
		{318424F8-9866-4934-AB08-39DC0EAD5D28}.Debug|x64.Build.0 = Debug|x64
		{318424F8-9866-4934-AB08-39DC0EAD5D28}.Debug|x86.ActiveCfg = Debug|Win32
		{318424F8-9866-4934-AB08-39DC0EAD5D28}.Debug|x86.Build.0 = Debug|Win32
		{318424F8-9866-4934-AB08-39DC0EAD5D28}.Release|x64.ActiveCfg = Release|x64
		{318424F8-9866-4934-AB08-39DC0EAD5D28}.Release|x64.Build.0 = Release|x64
		{318424F8-9866-4934-AB08-39DC0EAD5D28}.Release|x86.ActiveCfg = Release|Win32
		{318424F8-9866-4934-AB08-39DC0EAD5D28}.Release|x86.Build.0 = Release|Win32
	EndGlobalSection
	GlobalSection(SolutionProperties) = preSolution
		HideSolutionNode = FALSE
	EndGlobalSection
	GlobalSection(ExtensibilityGlobals) = postSolution
		SolutionGuid = {87C4C0CB-7329-4A28-80C3-A5BA4CB5EAD1}
	EndGlobalSection
EndGlobal
