
Microsoft Visual Studio Solution File, Format Version 12.00
# Visual Studio Version 16
Project("{8BC9CEB8-8B4A-11D0-8D11-00A0C91BC942}") = "ALL_BUILD", "ALL_BUILD.vcxproj", "{371F0530-3490-3DA2-BF8F-959C125C11D7}"
	ProjectSection(ProjectDependencies) = postProject
		{122C7BA2-0E21-39E0-A751-E42DFBF1C81D} = {122C7BA2-0E21-39E0-A751-E42DFBF1C81D}
		{B7379B21-97F7-32EF-A83C-61999A6F644F} = {B7379B21-97F7-32EF-A83C-61999A6F644F}
		{41ACC9D2-15C7-39AC-98B0-DCE1C3DE9DF2} = {41ACC9D2-15C7-39AC-98B0-DCE1C3DE9DF2}
		{C4AB5496-268C-3B76-AB28-8C58A5A3B077} = {C4AB5496-268C-3B76-AB28-8C58A5A3B077}
		{129EF86E-E3A6-3610-995D-C7191591164E} = {129EF86E-E3A6-3610-995D-C7191591164E}
		{DD899D27-9069-3C0F-94CE-09308D951D98} = {DD899D27-9069-3C0F-94CE-09308D951D98}
		{55D27436-EEE1-3699-BFB1-39C304A931D8} = {55D27436-EEE1-3699-BFB1-39C304A931D8}
		{49C333AF-C553-3CA0-8543-B01527C86DBD} = {49C333AF-C553-3CA0-8543-B01527C86DBD}
		{95992691-DDD9-3351-8D2A-8AA98F1F9E81} = {95992691-DDD9-3351-8D2A-8AA98F1F9E81}
		{2F5D2B6B-42FD-3721-B94D-1DA7DF8B0394} = {2F5D2B6B-42FD-3721-B94D-1DA7DF8B0394}
		{6D6E12F0-E98A-3A71-8E4B-9E83A7DAC443} = {6D6E12F0-E98A-3A71-8E4B-9E83A7DAC443}
	EndProjectSection
EndProject
Project("{8BC9CEB8-8B4A-11D0-8D11-00A0C91BC942}") = "LibraryC", "LibraryC\LibraryC.vcxproj", "{122C7BA2-0E21-39E0-A751-E42DFBF1C81D}"
	ProjectSection(ProjectDependencies) = postProject
		{6D6E12F0-E98A-3A71-8E4B-9E83A7DAC443} = {6D6E12F0-E98A-3A71-8E4B-9E83A7DAC443}
	EndProjectSection
EndProject
Project("{8BC9CEB8-8B4A-11D0-8D11-00A0C91BC942}") = "LibraryCPP", "LibraryCPP\LibraryCPP.vcxproj", "{B7379B21-97F7-32EF-A83C-61999A6F644F}"
	ProjectSection(ProjectDependencies) = postProject
		{6D6E12F0-E98A-3A71-8E4B-9E83A7DAC443} = {6D6E12F0-E98A-3A71-8E4B-9E83A7DAC443}
	EndProjectSection
EndProject
Project("{8BC9CEB8-8B4A-11D0-8D11-00A0C91BC942}") = "TestArrayC", "TestArrayC\TestArrayC.vcxproj", "{41ACC9D2-15C7-39AC-98B0-DCE1C3DE9DF2}"
	ProjectSection(ProjectDependencies) = postProject
		{122C7BA2-0E21-39E0-A751-E42DFBF1C81D} = {122C7BA2-0E21-39E0-A751-E42DFBF1C81D}
		{6D6E12F0-E98A-3A71-8E4B-9E83A7DAC443} = {6D6E12F0-E98A-3A71-8E4B-9E83A7DAC443}
	EndProjectSection
EndProject
Project("{8BC9CEB8-8B4A-11D0-8D11-00A0C91BC942}") = "TestArrayCPP", "TestArrayCPP\TestArrayCPP.vcxproj", "{C4AB5496-268C-3B76-AB28-8C58A5A3B077}"
	ProjectSection(ProjectDependencies) = postProject
		{B7379B21-97F7-32EF-A83C-61999A6F644F} = {B7379B21-97F7-32EF-A83C-61999A6F644F}
		{6D6E12F0-E98A-3A71-8E4B-9E83A7DAC443} = {6D6E12F0-E98A-3A71-8E4B-9E83A7DAC443}
	EndProjectSection
EndProject
Project("{8BC9CEB8-8B4A-11D0-8D11-00A0C91BC942}") = "TestArrayCPPTemplate", "TestArrayCPPTemplate\TestArrayCPPTemplate.vcxproj", "{129EF86E-E3A6-3610-995D-C7191591164E}"
	ProjectSection(ProjectDependencies) = postProject
		{6D6E12F0-E98A-3A71-8E4B-9E83A7DAC443} = {6D6E12F0-E98A-3A71-8E4B-9E83A7DAC443}
	EndProjectSection
EndProject
Project("{8BC9CEB8-8B4A-11D0-8D11-00A0C91BC942}") = "TestListC", "TestListC\TestListC.vcxproj", "{DD899D27-9069-3C0F-94CE-09308D951D98}"
	ProjectSection(ProjectDependencies) = postProject
		{122C7BA2-0E21-39E0-A751-E42DFBF1C81D} = {122C7BA2-0E21-39E0-A751-E42DFBF1C81D}
		{6D6E12F0-E98A-3A71-8E4B-9E83A7DAC443} = {6D6E12F0-E98A-3A71-8E4B-9E83A7DAC443}
	EndProjectSection
EndProject
Project("{8BC9CEB8-8B4A-11D0-8D11-00A0C91BC942}") = "TestQueueC", "TestQueueC\TestQueueC.vcxproj", "{55D27436-EEE1-3699-BFB1-39C304A931D8}"
	ProjectSection(ProjectDependencies) = postProject
		{122C7BA2-0E21-39E0-A751-E42DFBF1C81D} = {122C7BA2-0E21-39E0-A751-E42DFBF1C81D}
		{6D6E12F0-E98A-3A71-8E4B-9E83A7DAC443} = {6D6E12F0-E98A-3A71-8E4B-9E83A7DAC443}
	EndProjectSection
EndProject
Project("{8BC9CEB8-8B4A-11D0-8D11-00A0C91BC942}") = "TestStackC", "TestStackC\TestStackC.vcxproj", "{49C333AF-C553-3CA0-8543-B01527C86DBD}"
	ProjectSection(ProjectDependencies) = postProject
		{122C7BA2-0E21-39E0-A751-E42DFBF1C81D} = {122C7BA2-0E21-39E0-A751-E42DFBF1C81D}
		{6D6E12F0-E98A-3A71-8E4B-9E83A7DAC443} = {6D6E12F0-E98A-3A71-8E4B-9E83A7DAC443}
	EndProjectSection
EndProject
Project("{8BC9CEB8-8B4A-11D0-8D11-00A0C91BC942}") = "TestVectorC", "TestVectorC\TestVectorC.vcxproj", "{95992691-DDD9-3351-8D2A-8AA98F1F9E81}"
	ProjectSection(ProjectDependencies) = postProject
		{122C7BA2-0E21-39E0-A751-E42DFBF1C81D} = {122C7BA2-0E21-39E0-A751-E42DFBF1C81D}
		{6D6E12F0-E98A-3A71-8E4B-9E83A7DAC443} = {6D6E12F0-E98A-3A71-8E4B-9E83A7DAC443}
	EndProjectSection
EndProject
Project("{8BC9CEB8-8B4A-11D0-8D11-00A0C91BC942}") = "Toad", "Toad\Toad.vcxproj", "{2F5D2B6B-42FD-3721-B94D-1DA7DF8B0394}"
	ProjectSection(ProjectDependencies) = postProject
		{6D6E12F0-E98A-3A71-8E4B-9E83A7DAC443} = {6D6E12F0-E98A-3A71-8E4B-9E83A7DAC443}
	EndProjectSection
EndProject
Project("{8BC9CEB8-8B4A-11D0-8D11-00A0C91BC942}") = "ZERO_CHECK", "ZERO_CHECK.vcxproj", "{6D6E12F0-E98A-3A71-8E4B-9E83A7DAC443}"
	ProjectSection(ProjectDependencies) = postProject
	EndProjectSection
EndProject
Global
	GlobalSection(SolutionConfigurationPlatforms) = preSolution
		Debug|x64 = Debug|x64
		Release|x64 = Release|x64
		MinSizeRel|x64 = MinSizeRel|x64
		RelWithDebInfo|x64 = RelWithDebInfo|x64
	EndGlobalSection
	GlobalSection(ProjectConfigurationPlatforms) = postSolution
		{371F0530-3490-3DA2-BF8F-959C125C11D7}.Debug|x64.ActiveCfg = Debug|x64
		{371F0530-3490-3DA2-BF8F-959C125C11D7}.Release|x64.ActiveCfg = Release|x64
		{371F0530-3490-3DA2-BF8F-959C125C11D7}.MinSizeRel|x64.ActiveCfg = MinSizeRel|x64
		{371F0530-3490-3DA2-BF8F-959C125C11D7}.RelWithDebInfo|x64.ActiveCfg = RelWithDebInfo|x64
		{122C7BA2-0E21-39E0-A751-E42DFBF1C81D}.Debug|x64.ActiveCfg = Debug|x64
		{122C7BA2-0E21-39E0-A751-E42DFBF1C81D}.Debug|x64.Build.0 = Debug|x64
		{122C7BA2-0E21-39E0-A751-E42DFBF1C81D}.Release|x64.ActiveCfg = Release|x64
		{122C7BA2-0E21-39E0-A751-E42DFBF1C81D}.Release|x64.Build.0 = Release|x64
		{122C7BA2-0E21-39E0-A751-E42DFBF1C81D}.MinSizeRel|x64.ActiveCfg = MinSizeRel|x64
		{122C7BA2-0E21-39E0-A751-E42DFBF1C81D}.MinSizeRel|x64.Build.0 = MinSizeRel|x64
		{122C7BA2-0E21-39E0-A751-E42DFBF1C81D}.RelWithDebInfo|x64.ActiveCfg = RelWithDebInfo|x64
		{122C7BA2-0E21-39E0-A751-E42DFBF1C81D}.RelWithDebInfo|x64.Build.0 = RelWithDebInfo|x64
		{B7379B21-97F7-32EF-A83C-61999A6F644F}.Debug|x64.ActiveCfg = Debug|x64
		{B7379B21-97F7-32EF-A83C-61999A6F644F}.Debug|x64.Build.0 = Debug|x64
		{B7379B21-97F7-32EF-A83C-61999A6F644F}.Release|x64.ActiveCfg = Release|x64
		{B7379B21-97F7-32EF-A83C-61999A6F644F}.Release|x64.Build.0 = Release|x64
		{B7379B21-97F7-32EF-A83C-61999A6F644F}.MinSizeRel|x64.ActiveCfg = MinSizeRel|x64
		{B7379B21-97F7-32EF-A83C-61999A6F644F}.MinSizeRel|x64.Build.0 = MinSizeRel|x64
		{B7379B21-97F7-32EF-A83C-61999A6F644F}.RelWithDebInfo|x64.ActiveCfg = RelWithDebInfo|x64
		{B7379B21-97F7-32EF-A83C-61999A6F644F}.RelWithDebInfo|x64.Build.0 = RelWithDebInfo|x64
		{41ACC9D2-15C7-39AC-98B0-DCE1C3DE9DF2}.Debug|x64.ActiveCfg = Debug|x64
		{41ACC9D2-15C7-39AC-98B0-DCE1C3DE9DF2}.Debug|x64.Build.0 = Debug|x64
		{41ACC9D2-15C7-39AC-98B0-DCE1C3DE9DF2}.Release|x64.ActiveCfg = Release|x64
		{41ACC9D2-15C7-39AC-98B0-DCE1C3DE9DF2}.Release|x64.Build.0 = Release|x64
		{41ACC9D2-15C7-39AC-98B0-DCE1C3DE9DF2}.MinSizeRel|x64.ActiveCfg = MinSizeRel|x64
		{41ACC9D2-15C7-39AC-98B0-DCE1C3DE9DF2}.MinSizeRel|x64.Build.0 = MinSizeRel|x64
		{41ACC9D2-15C7-39AC-98B0-DCE1C3DE9DF2}.RelWithDebInfo|x64.ActiveCfg = RelWithDebInfo|x64
		{41ACC9D2-15C7-39AC-98B0-DCE1C3DE9DF2}.RelWithDebInfo|x64.Build.0 = RelWithDebInfo|x64
		{C4AB5496-268C-3B76-AB28-8C58A5A3B077}.Debug|x64.ActiveCfg = Debug|x64
		{C4AB5496-268C-3B76-AB28-8C58A5A3B077}.Debug|x64.Build.0 = Debug|x64
		{C4AB5496-268C-3B76-AB28-8C58A5A3B077}.Release|x64.ActiveCfg = Release|x64
		{C4AB5496-268C-3B76-AB28-8C58A5A3B077}.Release|x64.Build.0 = Release|x64
		{C4AB5496-268C-3B76-AB28-8C58A5A3B077}.MinSizeRel|x64.ActiveCfg = MinSizeRel|x64
		{C4AB5496-268C-3B76-AB28-8C58A5A3B077}.MinSizeRel|x64.Build.0 = MinSizeRel|x64
		{C4AB5496-268C-3B76-AB28-8C58A5A3B077}.RelWithDebInfo|x64.ActiveCfg = RelWithDebInfo|x64
		{C4AB5496-268C-3B76-AB28-8C58A5A3B077}.RelWithDebInfo|x64.Build.0 = RelWithDebInfo|x64
		{129EF86E-E3A6-3610-995D-C7191591164E}.Debug|x64.ActiveCfg = Debug|x64
		{129EF86E-E3A6-3610-995D-C7191591164E}.Debug|x64.Build.0 = Debug|x64
		{129EF86E-E3A6-3610-995D-C7191591164E}.Release|x64.ActiveCfg = Release|x64
		{129EF86E-E3A6-3610-995D-C7191591164E}.Release|x64.Build.0 = Release|x64
		{129EF86E-E3A6-3610-995D-C7191591164E}.MinSizeRel|x64.ActiveCfg = MinSizeRel|x64
		{129EF86E-E3A6-3610-995D-C7191591164E}.MinSizeRel|x64.Build.0 = MinSizeRel|x64
		{129EF86E-E3A6-3610-995D-C7191591164E}.RelWithDebInfo|x64.ActiveCfg = RelWithDebInfo|x64
		{129EF86E-E3A6-3610-995D-C7191591164E}.RelWithDebInfo|x64.Build.0 = RelWithDebInfo|x64
		{DD899D27-9069-3C0F-94CE-09308D951D98}.Debug|x64.ActiveCfg = Debug|x64
		{DD899D27-9069-3C0F-94CE-09308D951D98}.Debug|x64.Build.0 = Debug|x64
		{DD899D27-9069-3C0F-94CE-09308D951D98}.Release|x64.ActiveCfg = Release|x64
		{DD899D27-9069-3C0F-94CE-09308D951D98}.Release|x64.Build.0 = Release|x64
		{DD899D27-9069-3C0F-94CE-09308D951D98}.MinSizeRel|x64.ActiveCfg = MinSizeRel|x64
		{DD899D27-9069-3C0F-94CE-09308D951D98}.MinSizeRel|x64.Build.0 = MinSizeRel|x64
		{DD899D27-9069-3C0F-94CE-09308D951D98}.RelWithDebInfo|x64.ActiveCfg = RelWithDebInfo|x64
		{DD899D27-9069-3C0F-94CE-09308D951D98}.RelWithDebInfo|x64.Build.0 = RelWithDebInfo|x64
		{55D27436-EEE1-3699-BFB1-39C304A931D8}.Debug|x64.ActiveCfg = Debug|x64
		{55D27436-EEE1-3699-BFB1-39C304A931D8}.Debug|x64.Build.0 = Debug|x64
		{55D27436-EEE1-3699-BFB1-39C304A931D8}.Release|x64.ActiveCfg = Release|x64
		{55D27436-EEE1-3699-BFB1-39C304A931D8}.Release|x64.Build.0 = Release|x64
		{55D27436-EEE1-3699-BFB1-39C304A931D8}.MinSizeRel|x64.ActiveCfg = MinSizeRel|x64
		{55D27436-EEE1-3699-BFB1-39C304A931D8}.MinSizeRel|x64.Build.0 = MinSizeRel|x64
		{55D27436-EEE1-3699-BFB1-39C304A931D8}.RelWithDebInfo|x64.ActiveCfg = RelWithDebInfo|x64
		{55D27436-EEE1-3699-BFB1-39C304A931D8}.RelWithDebInfo|x64.Build.0 = RelWithDebInfo|x64
		{49C333AF-C553-3CA0-8543-B01527C86DBD}.Debug|x64.ActiveCfg = Debug|x64
		{49C333AF-C553-3CA0-8543-B01527C86DBD}.Debug|x64.Build.0 = Debug|x64
		{49C333AF-C553-3CA0-8543-B01527C86DBD}.Release|x64.ActiveCfg = Release|x64
		{49C333AF-C553-3CA0-8543-B01527C86DBD}.Release|x64.Build.0 = Release|x64
		{49C333AF-C553-3CA0-8543-B01527C86DBD}.MinSizeRel|x64.ActiveCfg = MinSizeRel|x64
		{49C333AF-C553-3CA0-8543-B01527C86DBD}.MinSizeRel|x64.Build.0 = MinSizeRel|x64
		{49C333AF-C553-3CA0-8543-B01527C86DBD}.RelWithDebInfo|x64.ActiveCfg = RelWithDebInfo|x64
		{49C333AF-C553-3CA0-8543-B01527C86DBD}.RelWithDebInfo|x64.Build.0 = RelWithDebInfo|x64
		{95992691-DDD9-3351-8D2A-8AA98F1F9E81}.Debug|x64.ActiveCfg = Debug|x64
		{95992691-DDD9-3351-8D2A-8AA98F1F9E81}.Debug|x64.Build.0 = Debug|x64
		{95992691-DDD9-3351-8D2A-8AA98F1F9E81}.Release|x64.ActiveCfg = Release|x64
		{95992691-DDD9-3351-8D2A-8AA98F1F9E81}.Release|x64.Build.0 = Release|x64
		{95992691-DDD9-3351-8D2A-8AA98F1F9E81}.MinSizeRel|x64.ActiveCfg = MinSizeRel|x64
		{95992691-DDD9-3351-8D2A-8AA98F1F9E81}.MinSizeRel|x64.Build.0 = MinSizeRel|x64
		{95992691-DDD9-3351-8D2A-8AA98F1F9E81}.RelWithDebInfo|x64.ActiveCfg = RelWithDebInfo|x64
		{95992691-DDD9-3351-8D2A-8AA98F1F9E81}.RelWithDebInfo|x64.Build.0 = RelWithDebInfo|x64
		{2F5D2B6B-42FD-3721-B94D-1DA7DF8B0394}.Debug|x64.ActiveCfg = Debug|x64
		{2F5D2B6B-42FD-3721-B94D-1DA7DF8B0394}.Debug|x64.Build.0 = Debug|x64
		{2F5D2B6B-42FD-3721-B94D-1DA7DF8B0394}.Release|x64.ActiveCfg = Release|x64
		{2F5D2B6B-42FD-3721-B94D-1DA7DF8B0394}.Release|x64.Build.0 = Release|x64
		{2F5D2B6B-42FD-3721-B94D-1DA7DF8B0394}.MinSizeRel|x64.ActiveCfg = MinSizeRel|x64
		{2F5D2B6B-42FD-3721-B94D-1DA7DF8B0394}.MinSizeRel|x64.Build.0 = MinSizeRel|x64
		{2F5D2B6B-42FD-3721-B94D-1DA7DF8B0394}.RelWithDebInfo|x64.ActiveCfg = RelWithDebInfo|x64
		{2F5D2B6B-42FD-3721-B94D-1DA7DF8B0394}.RelWithDebInfo|x64.Build.0 = RelWithDebInfo|x64
		{6D6E12F0-E98A-3A71-8E4B-9E83A7DAC443}.Debug|x64.ActiveCfg = Debug|x64
		{6D6E12F0-E98A-3A71-8E4B-9E83A7DAC443}.Debug|x64.Build.0 = Debug|x64
		{6D6E12F0-E98A-3A71-8E4B-9E83A7DAC443}.Release|x64.ActiveCfg = Release|x64
		{6D6E12F0-E98A-3A71-8E4B-9E83A7DAC443}.Release|x64.Build.0 = Release|x64
		{6D6E12F0-E98A-3A71-8E4B-9E83A7DAC443}.MinSizeRel|x64.ActiveCfg = MinSizeRel|x64
		{6D6E12F0-E98A-3A71-8E4B-9E83A7DAC443}.MinSizeRel|x64.Build.0 = MinSizeRel|x64
		{6D6E12F0-E98A-3A71-8E4B-9E83A7DAC443}.RelWithDebInfo|x64.ActiveCfg = RelWithDebInfo|x64
		{6D6E12F0-E98A-3A71-8E4B-9E83A7DAC443}.RelWithDebInfo|x64.Build.0 = RelWithDebInfo|x64
	EndGlobalSection
	GlobalSection(ExtensibilityGlobals) = postSolution
		SolutionGuid = {CDD598A4-E577-3965-95A5-CE523996FFF9}
	EndGlobalSection
	GlobalSection(ExtensibilityAddIns) = postSolution
	EndGlobalSection
EndGlobal
