
Microsoft Visual Studio Solution File, Format Version 12.00
# Visual Studio Version 16
Project("{8BC9CEB8-8B4A-11D0-8D11-00A0C91BC942}") = "ALL_BUILD", "ALL_BUILD.vcxproj", "{090EA897-3BFB-35C8-887D-3D3E026E5983}"
	ProjectSection(ProjectDependencies) = postProject
		{80F58645-A9CD-31C3-A8A4-F50ACBB471D0} = {80F58645-A9CD-31C3-A8A4-F50ACBB471D0}
		{75956055-E9E7-33E2-AF5F-9EEA8D45C257} = {75956055-E9E7-33E2-AF5F-9EEA8D45C257}
		{494C9D4B-7FD7-3F91-B2D4-95D82736AEBF} = {494C9D4B-7FD7-3F91-B2D4-95D82736AEBF}
		{D16A7CC1-6F1F-3386-9437-3578EE140137} = {D16A7CC1-6F1F-3386-9437-3578EE140137}
		{AE6F7553-9D19-3B38-8B20-E8F4D2F84316} = {AE6F7553-9D19-3B38-8B20-E8F4D2F84316}
		{0BB6B82B-0948-3B15-9564-1217C9BD26CA} = {0BB6B82B-0948-3B15-9564-1217C9BD26CA}
		{A92D16B7-BC91-33CB-984B-A1CFAB66F78A} = {A92D16B7-BC91-33CB-984B-A1CFAB66F78A}
		{C4C740B3-A5FA-30CB-89AB-E3DF9C8C8314} = {C4C740B3-A5FA-30CB-89AB-E3DF9C8C8314}
		{12260114-8ECD-3ACC-A81F-092DD7E40F6D} = {12260114-8ECD-3ACC-A81F-092DD7E40F6D}
		{CC86A0A4-EB4F-3B40-97AE-3CA87495504B} = {CC86A0A4-EB4F-3B40-97AE-3CA87495504B}
		{F23F3695-BF49-3E42-A245-92973D2F9D19} = {F23F3695-BF49-3E42-A245-92973D2F9D19}
	EndProjectSection
EndProject
Project("{8BC9CEB8-8B4A-11D0-8D11-00A0C91BC942}") = "LibraryC", "LibraryC\LibraryC.vcxproj", "{80F58645-A9CD-31C3-A8A4-F50ACBB471D0}"
	ProjectSection(ProjectDependencies) = postProject
		{F23F3695-BF49-3E42-A245-92973D2F9D19} = {F23F3695-BF49-3E42-A245-92973D2F9D19}
	EndProjectSection
EndProject
Project("{8BC9CEB8-8B4A-11D0-8D11-00A0C91BC942}") = "LibraryCPP", "LibraryCPP\LibraryCPP.vcxproj", "{75956055-E9E7-33E2-AF5F-9EEA8D45C257}"
	ProjectSection(ProjectDependencies) = postProject
		{F23F3695-BF49-3E42-A245-92973D2F9D19} = {F23F3695-BF49-3E42-A245-92973D2F9D19}
	EndProjectSection
EndProject
Project("{8BC9CEB8-8B4A-11D0-8D11-00A0C91BC942}") = "Main", "Main\Main.vcxproj", "{494C9D4B-7FD7-3F91-B2D4-95D82736AEBF}"
	ProjectSection(ProjectDependencies) = postProject
		{F23F3695-BF49-3E42-A245-92973D2F9D19} = {F23F3695-BF49-3E42-A245-92973D2F9D19}
	EndProjectSection
EndProject
Project("{8BC9CEB8-8B4A-11D0-8D11-00A0C91BC942}") = "TestArrayC", "TestArrayC\TestArrayC.vcxproj", "{D16A7CC1-6F1F-3386-9437-3578EE140137}"
	ProjectSection(ProjectDependencies) = postProject
		{80F58645-A9CD-31C3-A8A4-F50ACBB471D0} = {80F58645-A9CD-31C3-A8A4-F50ACBB471D0}
		{F23F3695-BF49-3E42-A245-92973D2F9D19} = {F23F3695-BF49-3E42-A245-92973D2F9D19}
	EndProjectSection
EndProject
Project("{8BC9CEB8-8B4A-11D0-8D11-00A0C91BC942}") = "TestArrayCPP", "TestArrayCPP\TestArrayCPP.vcxproj", "{AE6F7553-9D19-3B38-8B20-E8F4D2F84316}"
	ProjectSection(ProjectDependencies) = postProject
		{75956055-E9E7-33E2-AF5F-9EEA8D45C257} = {75956055-E9E7-33E2-AF5F-9EEA8D45C257}
		{F23F3695-BF49-3E42-A245-92973D2F9D19} = {F23F3695-BF49-3E42-A245-92973D2F9D19}
	EndProjectSection
EndProject
Project("{8BC9CEB8-8B4A-11D0-8D11-00A0C91BC942}") = "TestArrayCPPTemplate", "TestArrayCPPTemplate\TestArrayCPPTemplate.vcxproj", "{0BB6B82B-0948-3B15-9564-1217C9BD26CA}"
	ProjectSection(ProjectDependencies) = postProject
		{F23F3695-BF49-3E42-A245-92973D2F9D19} = {F23F3695-BF49-3E42-A245-92973D2F9D19}
	EndProjectSection
EndProject
Project("{8BC9CEB8-8B4A-11D0-8D11-00A0C91BC942}") = "TestListC", "TestListC\TestListC.vcxproj", "{A92D16B7-BC91-33CB-984B-A1CFAB66F78A}"
	ProjectSection(ProjectDependencies) = postProject
		{80F58645-A9CD-31C3-A8A4-F50ACBB471D0} = {80F58645-A9CD-31C3-A8A4-F50ACBB471D0}
		{F23F3695-BF49-3E42-A245-92973D2F9D19} = {F23F3695-BF49-3E42-A245-92973D2F9D19}
	EndProjectSection
EndProject
Project("{8BC9CEB8-8B4A-11D0-8D11-00A0C91BC942}") = "TestQueueC", "TestQueueC\TestQueueC.vcxproj", "{C4C740B3-A5FA-30CB-89AB-E3DF9C8C8314}"
	ProjectSection(ProjectDependencies) = postProject
		{80F58645-A9CD-31C3-A8A4-F50ACBB471D0} = {80F58645-A9CD-31C3-A8A4-F50ACBB471D0}
		{F23F3695-BF49-3E42-A245-92973D2F9D19} = {F23F3695-BF49-3E42-A245-92973D2F9D19}
	EndProjectSection
EndProject
Project("{8BC9CEB8-8B4A-11D0-8D11-00A0C91BC942}") = "TestStackC", "TestStackC\TestStackC.vcxproj", "{12260114-8ECD-3ACC-A81F-092DD7E40F6D}"
	ProjectSection(ProjectDependencies) = postProject
		{80F58645-A9CD-31C3-A8A4-F50ACBB471D0} = {80F58645-A9CD-31C3-A8A4-F50ACBB471D0}
		{F23F3695-BF49-3E42-A245-92973D2F9D19} = {F23F3695-BF49-3E42-A245-92973D2F9D19}
	EndProjectSection
EndProject
Project("{8BC9CEB8-8B4A-11D0-8D11-00A0C91BC942}") = "TestVectorC", "TestVectorC\TestVectorC.vcxproj", "{CC86A0A4-EB4F-3B40-97AE-3CA87495504B}"
	ProjectSection(ProjectDependencies) = postProject
		{80F58645-A9CD-31C3-A8A4-F50ACBB471D0} = {80F58645-A9CD-31C3-A8A4-F50ACBB471D0}
		{F23F3695-BF49-3E42-A245-92973D2F9D19} = {F23F3695-BF49-3E42-A245-92973D2F9D19}
	EndProjectSection
EndProject
Project("{8BC9CEB8-8B4A-11D0-8D11-00A0C91BC942}") = "ZERO_CHECK", "ZERO_CHECK.vcxproj", "{F23F3695-BF49-3E42-A245-92973D2F9D19}"
	ProjectSection(ProjectDependencies) = postProject
	EndProjectSection
EndProject
Global
	GlobalSection(SolutionConfigurationPlatforms) = preSolution
		Debug|x64 = Debug|x64
		Release|x64 = Release|x64
		MinSizeRel|x64 = MinSizeRel|x64
		RelWithDebInfo|x64 = RelWithDebInfo|x64
	EndGlobalSection
	GlobalSection(ProjectConfigurationPlatforms) = postSolution
		{090EA897-3BFB-35C8-887D-3D3E026E5983}.Debug|x64.ActiveCfg = Debug|x64
		{090EA897-3BFB-35C8-887D-3D3E026E5983}.Release|x64.ActiveCfg = Release|x64
		{090EA897-3BFB-35C8-887D-3D3E026E5983}.MinSizeRel|x64.ActiveCfg = MinSizeRel|x64
		{090EA897-3BFB-35C8-887D-3D3E026E5983}.RelWithDebInfo|x64.ActiveCfg = RelWithDebInfo|x64
		{80F58645-A9CD-31C3-A8A4-F50ACBB471D0}.Debug|x64.ActiveCfg = Debug|x64
		{80F58645-A9CD-31C3-A8A4-F50ACBB471D0}.Debug|x64.Build.0 = Debug|x64
		{80F58645-A9CD-31C3-A8A4-F50ACBB471D0}.Release|x64.ActiveCfg = Release|x64
		{80F58645-A9CD-31C3-A8A4-F50ACBB471D0}.Release|x64.Build.0 = Release|x64
		{80F58645-A9CD-31C3-A8A4-F50ACBB471D0}.MinSizeRel|x64.ActiveCfg = MinSizeRel|x64
		{80F58645-A9CD-31C3-A8A4-F50ACBB471D0}.MinSizeRel|x64.Build.0 = MinSizeRel|x64
		{80F58645-A9CD-31C3-A8A4-F50ACBB471D0}.RelWithDebInfo|x64.ActiveCfg = RelWithDebInfo|x64
		{80F58645-A9CD-31C3-A8A4-F50ACBB471D0}.RelWithDebInfo|x64.Build.0 = RelWithDebInfo|x64
		{75956055-E9E7-33E2-AF5F-9EEA8D45C257}.Debug|x64.ActiveCfg = Debug|x64
		{75956055-E9E7-33E2-AF5F-9EEA8D45C257}.Debug|x64.Build.0 = Debug|x64
		{75956055-E9E7-33E2-AF5F-9EEA8D45C257}.Release|x64.ActiveCfg = Release|x64
		{75956055-E9E7-33E2-AF5F-9EEA8D45C257}.Release|x64.Build.0 = Release|x64
		{75956055-E9E7-33E2-AF5F-9EEA8D45C257}.MinSizeRel|x64.ActiveCfg = MinSizeRel|x64
		{75956055-E9E7-33E2-AF5F-9EEA8D45C257}.MinSizeRel|x64.Build.0 = MinSizeRel|x64
		{75956055-E9E7-33E2-AF5F-9EEA8D45C257}.RelWithDebInfo|x64.ActiveCfg = RelWithDebInfo|x64
		{75956055-E9E7-33E2-AF5F-9EEA8D45C257}.RelWithDebInfo|x64.Build.0 = RelWithDebInfo|x64
		{494C9D4B-7FD7-3F91-B2D4-95D82736AEBF}.Debug|x64.ActiveCfg = Debug|x64
		{494C9D4B-7FD7-3F91-B2D4-95D82736AEBF}.Debug|x64.Build.0 = Debug|x64
		{494C9D4B-7FD7-3F91-B2D4-95D82736AEBF}.Release|x64.ActiveCfg = Release|x64
		{494C9D4B-7FD7-3F91-B2D4-95D82736AEBF}.Release|x64.Build.0 = Release|x64
		{494C9D4B-7FD7-3F91-B2D4-95D82736AEBF}.MinSizeRel|x64.ActiveCfg = MinSizeRel|x64
		{494C9D4B-7FD7-3F91-B2D4-95D82736AEBF}.MinSizeRel|x64.Build.0 = MinSizeRel|x64
		{494C9D4B-7FD7-3F91-B2D4-95D82736AEBF}.RelWithDebInfo|x64.ActiveCfg = RelWithDebInfo|x64
		{494C9D4B-7FD7-3F91-B2D4-95D82736AEBF}.RelWithDebInfo|x64.Build.0 = RelWithDebInfo|x64
		{D16A7CC1-6F1F-3386-9437-3578EE140137}.Debug|x64.ActiveCfg = Debug|x64
		{D16A7CC1-6F1F-3386-9437-3578EE140137}.Debug|x64.Build.0 = Debug|x64
		{D16A7CC1-6F1F-3386-9437-3578EE140137}.Release|x64.ActiveCfg = Release|x64
		{D16A7CC1-6F1F-3386-9437-3578EE140137}.Release|x64.Build.0 = Release|x64
		{D16A7CC1-6F1F-3386-9437-3578EE140137}.MinSizeRel|x64.ActiveCfg = MinSizeRel|x64
		{D16A7CC1-6F1F-3386-9437-3578EE140137}.MinSizeRel|x64.Build.0 = MinSizeRel|x64
		{D16A7CC1-6F1F-3386-9437-3578EE140137}.RelWithDebInfo|x64.ActiveCfg = RelWithDebInfo|x64
		{D16A7CC1-6F1F-3386-9437-3578EE140137}.RelWithDebInfo|x64.Build.0 = RelWithDebInfo|x64
		{AE6F7553-9D19-3B38-8B20-E8F4D2F84316}.Debug|x64.ActiveCfg = Debug|x64
		{AE6F7553-9D19-3B38-8B20-E8F4D2F84316}.Debug|x64.Build.0 = Debug|x64
		{AE6F7553-9D19-3B38-8B20-E8F4D2F84316}.Release|x64.ActiveCfg = Release|x64
		{AE6F7553-9D19-3B38-8B20-E8F4D2F84316}.Release|x64.Build.0 = Release|x64
		{AE6F7553-9D19-3B38-8B20-E8F4D2F84316}.MinSizeRel|x64.ActiveCfg = MinSizeRel|x64
		{AE6F7553-9D19-3B38-8B20-E8F4D2F84316}.MinSizeRel|x64.Build.0 = MinSizeRel|x64
		{AE6F7553-9D19-3B38-8B20-E8F4D2F84316}.RelWithDebInfo|x64.ActiveCfg = RelWithDebInfo|x64
		{AE6F7553-9D19-3B38-8B20-E8F4D2F84316}.RelWithDebInfo|x64.Build.0 = RelWithDebInfo|x64
		{0BB6B82B-0948-3B15-9564-1217C9BD26CA}.Debug|x64.ActiveCfg = Debug|x64
		{0BB6B82B-0948-3B15-9564-1217C9BD26CA}.Debug|x64.Build.0 = Debug|x64
		{0BB6B82B-0948-3B15-9564-1217C9BD26CA}.Release|x64.ActiveCfg = Release|x64
		{0BB6B82B-0948-3B15-9564-1217C9BD26CA}.Release|x64.Build.0 = Release|x64
		{0BB6B82B-0948-3B15-9564-1217C9BD26CA}.MinSizeRel|x64.ActiveCfg = MinSizeRel|x64
		{0BB6B82B-0948-3B15-9564-1217C9BD26CA}.MinSizeRel|x64.Build.0 = MinSizeRel|x64
		{0BB6B82B-0948-3B15-9564-1217C9BD26CA}.RelWithDebInfo|x64.ActiveCfg = RelWithDebInfo|x64
		{0BB6B82B-0948-3B15-9564-1217C9BD26CA}.RelWithDebInfo|x64.Build.0 = RelWithDebInfo|x64
		{A92D16B7-BC91-33CB-984B-A1CFAB66F78A}.Debug|x64.ActiveCfg = Debug|x64
		{A92D16B7-BC91-33CB-984B-A1CFAB66F78A}.Debug|x64.Build.0 = Debug|x64
		{A92D16B7-BC91-33CB-984B-A1CFAB66F78A}.Release|x64.ActiveCfg = Release|x64
		{A92D16B7-BC91-33CB-984B-A1CFAB66F78A}.Release|x64.Build.0 = Release|x64
		{A92D16B7-BC91-33CB-984B-A1CFAB66F78A}.MinSizeRel|x64.ActiveCfg = MinSizeRel|x64
		{A92D16B7-BC91-33CB-984B-A1CFAB66F78A}.MinSizeRel|x64.Build.0 = MinSizeRel|x64
		{A92D16B7-BC91-33CB-984B-A1CFAB66F78A}.RelWithDebInfo|x64.ActiveCfg = RelWithDebInfo|x64
		{A92D16B7-BC91-33CB-984B-A1CFAB66F78A}.RelWithDebInfo|x64.Build.0 = RelWithDebInfo|x64
		{C4C740B3-A5FA-30CB-89AB-E3DF9C8C8314}.Debug|x64.ActiveCfg = Debug|x64
		{C4C740B3-A5FA-30CB-89AB-E3DF9C8C8314}.Debug|x64.Build.0 = Debug|x64
		{C4C740B3-A5FA-30CB-89AB-E3DF9C8C8314}.Release|x64.ActiveCfg = Release|x64
		{C4C740B3-A5FA-30CB-89AB-E3DF9C8C8314}.Release|x64.Build.0 = Release|x64
		{C4C740B3-A5FA-30CB-89AB-E3DF9C8C8314}.MinSizeRel|x64.ActiveCfg = MinSizeRel|x64
		{C4C740B3-A5FA-30CB-89AB-E3DF9C8C8314}.MinSizeRel|x64.Build.0 = MinSizeRel|x64
		{C4C740B3-A5FA-30CB-89AB-E3DF9C8C8314}.RelWithDebInfo|x64.ActiveCfg = RelWithDebInfo|x64
		{C4C740B3-A5FA-30CB-89AB-E3DF9C8C8314}.RelWithDebInfo|x64.Build.0 = RelWithDebInfo|x64
		{12260114-8ECD-3ACC-A81F-092DD7E40F6D}.Debug|x64.ActiveCfg = Debug|x64
		{12260114-8ECD-3ACC-A81F-092DD7E40F6D}.Debug|x64.Build.0 = Debug|x64
		{12260114-8ECD-3ACC-A81F-092DD7E40F6D}.Release|x64.ActiveCfg = Release|x64
		{12260114-8ECD-3ACC-A81F-092DD7E40F6D}.Release|x64.Build.0 = Release|x64
		{12260114-8ECD-3ACC-A81F-092DD7E40F6D}.MinSizeRel|x64.ActiveCfg = MinSizeRel|x64
		{12260114-8ECD-3ACC-A81F-092DD7E40F6D}.MinSizeRel|x64.Build.0 = MinSizeRel|x64
		{12260114-8ECD-3ACC-A81F-092DD7E40F6D}.RelWithDebInfo|x64.ActiveCfg = RelWithDebInfo|x64
		{12260114-8ECD-3ACC-A81F-092DD7E40F6D}.RelWithDebInfo|x64.Build.0 = RelWithDebInfo|x64
		{CC86A0A4-EB4F-3B40-97AE-3CA87495504B}.Debug|x64.ActiveCfg = Debug|x64
		{CC86A0A4-EB4F-3B40-97AE-3CA87495504B}.Debug|x64.Build.0 = Debug|x64
		{CC86A0A4-EB4F-3B40-97AE-3CA87495504B}.Release|x64.ActiveCfg = Release|x64
		{CC86A0A4-EB4F-3B40-97AE-3CA87495504B}.Release|x64.Build.0 = Release|x64
		{CC86A0A4-EB4F-3B40-97AE-3CA87495504B}.MinSizeRel|x64.ActiveCfg = MinSizeRel|x64
		{CC86A0A4-EB4F-3B40-97AE-3CA87495504B}.MinSizeRel|x64.Build.0 = MinSizeRel|x64
		{CC86A0A4-EB4F-3B40-97AE-3CA87495504B}.RelWithDebInfo|x64.ActiveCfg = RelWithDebInfo|x64
		{CC86A0A4-EB4F-3B40-97AE-3CA87495504B}.RelWithDebInfo|x64.Build.0 = RelWithDebInfo|x64
		{F23F3695-BF49-3E42-A245-92973D2F9D19}.Debug|x64.ActiveCfg = Debug|x64
		{F23F3695-BF49-3E42-A245-92973D2F9D19}.Debug|x64.Build.0 = Debug|x64
		{F23F3695-BF49-3E42-A245-92973D2F9D19}.Release|x64.ActiveCfg = Release|x64
		{F23F3695-BF49-3E42-A245-92973D2F9D19}.Release|x64.Build.0 = Release|x64
		{F23F3695-BF49-3E42-A245-92973D2F9D19}.MinSizeRel|x64.ActiveCfg = MinSizeRel|x64
		{F23F3695-BF49-3E42-A245-92973D2F9D19}.MinSizeRel|x64.Build.0 = MinSizeRel|x64
		{F23F3695-BF49-3E42-A245-92973D2F9D19}.RelWithDebInfo|x64.ActiveCfg = RelWithDebInfo|x64
		{F23F3695-BF49-3E42-A245-92973D2F9D19}.RelWithDebInfo|x64.Build.0 = RelWithDebInfo|x64
	EndGlobalSection
	GlobalSection(ExtensibilityGlobals) = postSolution
		SolutionGuid = {18E15446-56CF-363E-AF5E-580E6B2B0973}
	EndGlobalSection
	GlobalSection(ExtensibilityAddIns) = postSolution
	EndGlobalSection
EndGlobal
