
Microsoft Visual Studio Solution File, Format Version 12.00
# Visual Studio Version 16
VisualStudioVersion = 16.0.29324.140
MinimumVisualStudioVersion = 10.0.40219.1
Project("{8BC9CEB8-8B4A-11D0-8D11-00A0C91BC942}") = "polish_record", "polish_record\polish_record.vcxproj", "{EF02B64A-DE20-48DD-A16C-ED81763AAAC2}"
EndProject
Project("{8BC9CEB8-8B4A-11D0-8D11-00A0C91BC942}") = "Lab_19", "Lab_19\Lab_19.vcxproj", "{51D16DE0-5BE5-4D04-8E88-78FE145FC858}"
EndProject
Project("{8BC9CEB8-8B4A-11D0-8D11-00A0C91BC942}") = "Library", "Library\Library.vcxproj", "{0B5CDF55-2171-4160-A8D6-C0A9E961C0C8}"
EndProject
Project("{8BC9CEB8-8B4A-11D0-8D11-00A0C91BC942}") = "TestList", "TestList\TestList.vcxproj", "{13DE7F20-FC5E-4F69-B960-D16D00922778}"
EndProject
Project("{8BC9CEB8-8B4A-11D0-8D11-00A0C91BC942}") = "TestQueue", "TestQueue\TestQueue.vcxproj", "{14471C16-6E71-4414-AC42-9187B2D5654D}"
EndProject
Project("{8BC9CEB8-8B4A-11D0-8D11-00A0C91BC942}") = "TestStack", "TestStack\TestStack.vcxproj", "{E3091F80-764D-4736-ACE9-60BE27869591}"
EndProject
Global
	GlobalSection(SolutionConfigurationPlatforms) = preSolution
		Debug|x64 = Debug|x64
		Debug|x86 = Debug|x86
		Release|x64 = Release|x64
		Release|x86 = Release|x86
	EndGlobalSection
	GlobalSection(ProjectConfigurationPlatforms) = postSolution
		{EF02B64A-DE20-48DD-A16C-ED81763AAAC2}.Debug|x64.ActiveCfg = Debug|x64
		{EF02B64A-DE20-48DD-A16C-ED81763AAAC2}.Debug|x64.Build.0 = Debug|x64
		{EF02B64A-DE20-48DD-A16C-ED81763AAAC2}.Debug|x86.ActiveCfg = Debug|Win32
		{EF02B64A-DE20-48DD-A16C-ED81763AAAC2}.Debug|x86.Build.0 = Debug|Win32
		{EF02B64A-DE20-48DD-A16C-ED81763AAAC2}.Release|x64.ActiveCfg = Release|x64
		{EF02B64A-DE20-48DD-A16C-ED81763AAAC2}.Release|x64.Build.0 = Release|x64
		{EF02B64A-DE20-48DD-A16C-ED81763AAAC2}.Release|x86.ActiveCfg = Release|Win32
		{EF02B64A-DE20-48DD-A16C-ED81763AAAC2}.Release|x86.Build.0 = Release|Win32
		{51D16DE0-5BE5-4D04-8E88-78FE145FC858}.Debug|x64.ActiveCfg = Debug|x64
		{51D16DE0-5BE5-4D04-8E88-78FE145FC858}.Debug|x64.Build.0 = Debug|x64
		{51D16DE0-5BE5-4D04-8E88-78FE145FC858}.Debug|x86.ActiveCfg = Debug|Win32
		{51D16DE0-5BE5-4D04-8E88-78FE145FC858}.Debug|x86.Build.0 = Debug|Win32
		{51D16DE0-5BE5-4D04-8E88-78FE145FC858}.Release|x64.ActiveCfg = Release|x64
		{51D16DE0-5BE5-4D04-8E88-78FE145FC858}.Release|x64.Build.0 = Release|x64
		{51D16DE0-5BE5-4D04-8E88-78FE145FC858}.Release|x86.ActiveCfg = Release|Win32
		{51D16DE0-5BE5-4D04-8E88-78FE145FC858}.Release|x86.Build.0 = Release|Win32
		{0B5CDF55-2171-4160-A8D6-C0A9E961C0C8}.Debug|x64.ActiveCfg = Debug|x64
		{0B5CDF55-2171-4160-A8D6-C0A9E961C0C8}.Debug|x64.Build.0 = Debug|x64
		{0B5CDF55-2171-4160-A8D6-C0A9E961C0C8}.Debug|x86.ActiveCfg = Debug|Win32
		{0B5CDF55-2171-4160-A8D6-C0A9E961C0C8}.Debug|x86.Build.0 = Debug|Win32
		{0B5CDF55-2171-4160-A8D6-C0A9E961C0C8}.Release|x64.ActiveCfg = Release|x64
		{0B5CDF55-2171-4160-A8D6-C0A9E961C0C8}.Release|x64.Build.0 = Release|x64
		{0B5CDF55-2171-4160-A8D6-C0A9E961C0C8}.Release|x86.ActiveCfg = Release|Win32
		{0B5CDF55-2171-4160-A8D6-C0A9E961C0C8}.Release|x86.Build.0 = Release|Win32
		{13DE7F20-FC5E-4F69-B960-D16D00922778}.Debug|x64.ActiveCfg = Debug|x64
		{13DE7F20-FC5E-4F69-B960-D16D00922778}.Debug|x64.Build.0 = Debug|x64
		{13DE7F20-FC5E-4F69-B960-D16D00922778}.Debug|x86.ActiveCfg = Debug|Win32
		{13DE7F20-FC5E-4F69-B960-D16D00922778}.Debug|x86.Build.0 = Debug|Win32
		{13DE7F20-FC5E-4F69-B960-D16D00922778}.Release|x64.ActiveCfg = Release|x64
		{13DE7F20-FC5E-4F69-B960-D16D00922778}.Release|x64.Build.0 = Release|x64
		{13DE7F20-FC5E-4F69-B960-D16D00922778}.Release|x86.ActiveCfg = Release|Win32
		{13DE7F20-FC5E-4F69-B960-D16D00922778}.Release|x86.Build.0 = Release|Win32
		{14471C16-6E71-4414-AC42-9187B2D5654D}.Debug|x64.ActiveCfg = Debug|x64
		{14471C16-6E71-4414-AC42-9187B2D5654D}.Debug|x64.Build.0 = Debug|x64
		{14471C16-6E71-4414-AC42-9187B2D5654D}.Debug|x86.ActiveCfg = Debug|Win32
		{14471C16-6E71-4414-AC42-9187B2D5654D}.Debug|x86.Build.0 = Debug|Win32
		{14471C16-6E71-4414-AC42-9187B2D5654D}.Release|x64.ActiveCfg = Release|x64
		{14471C16-6E71-4414-AC42-9187B2D5654D}.Release|x64.Build.0 = Release|x64
		{14471C16-6E71-4414-AC42-9187B2D5654D}.Release|x86.ActiveCfg = Release|Win32
		{14471C16-6E71-4414-AC42-9187B2D5654D}.Release|x86.Build.0 = Release|Win32
		{E3091F80-764D-4736-ACE9-60BE27869591}.Debug|x64.ActiveCfg = Debug|x64
		{E3091F80-764D-4736-ACE9-60BE27869591}.Debug|x64.Build.0 = Debug|x64
		{E3091F80-764D-4736-ACE9-60BE27869591}.Debug|x86.ActiveCfg = Debug|Win32
		{E3091F80-764D-4736-ACE9-60BE27869591}.Debug|x86.Build.0 = Debug|Win32
		{E3091F80-764D-4736-ACE9-60BE27869591}.Release|x64.ActiveCfg = Release|x64
		{E3091F80-764D-4736-ACE9-60BE27869591}.Release|x64.Build.0 = Release|x64
		{E3091F80-764D-4736-ACE9-60BE27869591}.Release|x86.ActiveCfg = Release|Win32
		{E3091F80-764D-4736-ACE9-60BE27869591}.Release|x86.Build.0 = Release|Win32
	EndGlobalSection
	GlobalSection(SolutionProperties) = preSolution
		HideSolutionNode = FALSE
	EndGlobalSection
	GlobalSection(ExtensibilityGlobals) = postSolution
		SolutionGuid = {FDC39B0C-2CF7-4419-9123-E9E387ED0986}
	EndGlobalSection
EndGlobal
