
Microsoft Visual Studio Solution File, Format Version 12.00
# Visual Studio Version 16
Project("{8BC9CEB8-8B4A-11D0-8D11-00A0C91BC942}") = "ALL_BUILD", "ALL_BUILD.vcxproj", "{BE745338-EAE6-3A21-87B2-757F4F2D0472}"
	ProjectSection(ProjectDependencies) = postProject
		{7CB7B673-46FB-325A-B6E7-7D4ED00793AC} = {7CB7B673-46FB-325A-B6E7-7D4ED00793AC}
		{FDBC0AA4-FB61-30DC-81E1-6D1E42FC1E9B} = {FDBC0AA4-FB61-30DC-81E1-6D1E42FC1E9B}
		{FCFC257E-EC2E-3C2C-83D1-11CC68678630} = {FCFC257E-EC2E-3C2C-83D1-11CC68678630}
		{ECFE0C92-84A4-3169-A3DA-F657EAA2F0DD} = {ECFE0C92-84A4-3169-A3DA-F657EAA2F0DD}
		{B8B37212-FD05-3DFB-9A7F-07014A5B8FC0} = {B8B37212-FD05-3DFB-9A7F-07014A5B8FC0}
		{1CCD2858-2272-3B24-8D9F-2672B21E7EDD} = {1CCD2858-2272-3B24-8D9F-2672B21E7EDD}
		{8AA00F15-C415-3ABD-875F-688A5F90914D} = {8AA00F15-C415-3ABD-875F-688A5F90914D}
		{69EED3DF-4CDE-3259-ADD6-F3BE591EEFE4} = {69EED3DF-4CDE-3259-ADD6-F3BE591EEFE4}
	EndProjectSection
EndProject
Project("{8BC9CEB8-8B4A-11D0-8D11-00A0C91BC942}") = "Lab1C", "Lab1C\Lab1C.vcxproj", "{7CB7B673-46FB-325A-B6E7-7D4ED00793AC}"
	ProjectSection(ProjectDependencies) = postProject
		{FDBC0AA4-FB61-30DC-81E1-6D1E42FC1E9B} = {FDBC0AA4-FB61-30DC-81E1-6D1E42FC1E9B}
		{69EED3DF-4CDE-3259-ADD6-F3BE591EEFE4} = {69EED3DF-4CDE-3259-ADD6-F3BE591EEFE4}
	EndProjectSection
EndProject
Project("{8BC9CEB8-8B4A-11D0-8D11-00A0C91BC942}") = "LibraryCPP", "LibraryCPP\LibraryCPP.vcxproj", "{FDBC0AA4-FB61-30DC-81E1-6D1E42FC1E9B}"
	ProjectSection(ProjectDependencies) = postProject
		{69EED3DF-4CDE-3259-ADD6-F3BE591EEFE4} = {69EED3DF-4CDE-3259-ADD6-F3BE591EEFE4}
	EndProjectSection
EndProject
Project("{8BC9CEB8-8B4A-11D0-8D11-00A0C91BC942}") = "RUN_TESTS", "RUN_TESTS.vcxproj", "{6473ECEC-127D-3535-8B7A-04D621F1E8F3}"
	ProjectSection(ProjectDependencies) = postProject
		{69EED3DF-4CDE-3259-ADD6-F3BE591EEFE4} = {69EED3DF-4CDE-3259-ADD6-F3BE591EEFE4}
	EndProjectSection
EndProject
Project("{8BC9CEB8-8B4A-11D0-8D11-00A0C91BC942}") = "TestArrayCPP", "LibraryCPP\Tests\TestArrayCPP.vcxproj", "{FCFC257E-EC2E-3C2C-83D1-11CC68678630}"
	ProjectSection(ProjectDependencies) = postProject
		{FDBC0AA4-FB61-30DC-81E1-6D1E42FC1E9B} = {FDBC0AA4-FB61-30DC-81E1-6D1E42FC1E9B}
		{69EED3DF-4CDE-3259-ADD6-F3BE591EEFE4} = {69EED3DF-4CDE-3259-ADD6-F3BE591EEFE4}
	EndProjectSection
EndProject
Project("{8BC9CEB8-8B4A-11D0-8D11-00A0C91BC942}") = "TestListCPP", "LibraryCPP\Tests\TestListCPP.vcxproj", "{ECFE0C92-84A4-3169-A3DA-F657EAA2F0DD}"
	ProjectSection(ProjectDependencies) = postProject
		{FDBC0AA4-FB61-30DC-81E1-6D1E42FC1E9B} = {FDBC0AA4-FB61-30DC-81E1-6D1E42FC1E9B}
		{69EED3DF-4CDE-3259-ADD6-F3BE591EEFE4} = {69EED3DF-4CDE-3259-ADD6-F3BE591EEFE4}
	EndProjectSection
EndProject
Project("{8BC9CEB8-8B4A-11D0-8D11-00A0C91BC942}") = "TestQueueCPP", "LibraryCPP\Tests\TestQueueCPP.vcxproj", "{B8B37212-FD05-3DFB-9A7F-07014A5B8FC0}"
	ProjectSection(ProjectDependencies) = postProject
		{FDBC0AA4-FB61-30DC-81E1-6D1E42FC1E9B} = {FDBC0AA4-FB61-30DC-81E1-6D1E42FC1E9B}
		{69EED3DF-4CDE-3259-ADD6-F3BE591EEFE4} = {69EED3DF-4CDE-3259-ADD6-F3BE591EEFE4}
	EndProjectSection
EndProject
Project("{8BC9CEB8-8B4A-11D0-8D11-00A0C91BC942}") = "TestStackCPP", "LibraryCPP\Tests\TestStackCPP.vcxproj", "{1CCD2858-2272-3B24-8D9F-2672B21E7EDD}"
	ProjectSection(ProjectDependencies) = postProject
		{FDBC0AA4-FB61-30DC-81E1-6D1E42FC1E9B} = {FDBC0AA4-FB61-30DC-81E1-6D1E42FC1E9B}
		{69EED3DF-4CDE-3259-ADD6-F3BE591EEFE4} = {69EED3DF-4CDE-3259-ADD6-F3BE591EEFE4}
	EndProjectSection
EndProject
Project("{8BC9CEB8-8B4A-11D0-8D11-00A0C91BC942}") = "TestVectorCPP", "LibraryCPP\Tests\TestVectorCPP.vcxproj", "{8AA00F15-C415-3ABD-875F-688A5F90914D}"
	ProjectSection(ProjectDependencies) = postProject
		{FDBC0AA4-FB61-30DC-81E1-6D1E42FC1E9B} = {FDBC0AA4-FB61-30DC-81E1-6D1E42FC1E9B}
		{69EED3DF-4CDE-3259-ADD6-F3BE591EEFE4} = {69EED3DF-4CDE-3259-ADD6-F3BE591EEFE4}
	EndProjectSection
EndProject
Project("{8BC9CEB8-8B4A-11D0-8D11-00A0C91BC942}") = "ZERO_CHECK", "ZERO_CHECK.vcxproj", "{69EED3DF-4CDE-3259-ADD6-F3BE591EEFE4}"
	ProjectSection(ProjectDependencies) = postProject
	EndProjectSection
EndProject
Global
	GlobalSection(SolutionConfigurationPlatforms) = preSolution
		Debug|x64 = Debug|x64
		Release|x64 = Release|x64
		MinSizeRel|x64 = MinSizeRel|x64
		RelWithDebInfo|x64 = RelWithDebInfo|x64
	EndGlobalSection
	GlobalSection(ProjectConfigurationPlatforms) = postSolution
		{BE745338-EAE6-3A21-87B2-757F4F2D0472}.Debug|x64.ActiveCfg = Debug|x64
		{BE745338-EAE6-3A21-87B2-757F4F2D0472}.Release|x64.ActiveCfg = Release|x64
		{BE745338-EAE6-3A21-87B2-757F4F2D0472}.MinSizeRel|x64.ActiveCfg = MinSizeRel|x64
		{BE745338-EAE6-3A21-87B2-757F4F2D0472}.RelWithDebInfo|x64.ActiveCfg = RelWithDebInfo|x64
		{7CB7B673-46FB-325A-B6E7-7D4ED00793AC}.Debug|x64.ActiveCfg = Debug|x64
		{7CB7B673-46FB-325A-B6E7-7D4ED00793AC}.Debug|x64.Build.0 = Debug|x64
		{7CB7B673-46FB-325A-B6E7-7D4ED00793AC}.Release|x64.ActiveCfg = Release|x64
		{7CB7B673-46FB-325A-B6E7-7D4ED00793AC}.Release|x64.Build.0 = Release|x64
		{7CB7B673-46FB-325A-B6E7-7D4ED00793AC}.MinSizeRel|x64.ActiveCfg = MinSizeRel|x64
		{7CB7B673-46FB-325A-B6E7-7D4ED00793AC}.MinSizeRel|x64.Build.0 = MinSizeRel|x64
		{7CB7B673-46FB-325A-B6E7-7D4ED00793AC}.RelWithDebInfo|x64.ActiveCfg = RelWithDebInfo|x64
		{7CB7B673-46FB-325A-B6E7-7D4ED00793AC}.RelWithDebInfo|x64.Build.0 = RelWithDebInfo|x64
		{FDBC0AA4-FB61-30DC-81E1-6D1E42FC1E9B}.Debug|x64.ActiveCfg = Debug|x64
		{FDBC0AA4-FB61-30DC-81E1-6D1E42FC1E9B}.Debug|x64.Build.0 = Debug|x64
		{FDBC0AA4-FB61-30DC-81E1-6D1E42FC1E9B}.Release|x64.ActiveCfg = Release|x64
		{FDBC0AA4-FB61-30DC-81E1-6D1E42FC1E9B}.Release|x64.Build.0 = Release|x64
		{FDBC0AA4-FB61-30DC-81E1-6D1E42FC1E9B}.MinSizeRel|x64.ActiveCfg = MinSizeRel|x64
		{FDBC0AA4-FB61-30DC-81E1-6D1E42FC1E9B}.MinSizeRel|x64.Build.0 = MinSizeRel|x64
		{FDBC0AA4-FB61-30DC-81E1-6D1E42FC1E9B}.RelWithDebInfo|x64.ActiveCfg = RelWithDebInfo|x64
		{FDBC0AA4-FB61-30DC-81E1-6D1E42FC1E9B}.RelWithDebInfo|x64.Build.0 = RelWithDebInfo|x64
		{6473ECEC-127D-3535-8B7A-04D621F1E8F3}.Debug|x64.ActiveCfg = Debug|x64
		{6473ECEC-127D-3535-8B7A-04D621F1E8F3}.Release|x64.ActiveCfg = Release|x64
		{6473ECEC-127D-3535-8B7A-04D621F1E8F3}.MinSizeRel|x64.ActiveCfg = MinSizeRel|x64
		{6473ECEC-127D-3535-8B7A-04D621F1E8F3}.RelWithDebInfo|x64.ActiveCfg = RelWithDebInfo|x64
		{FCFC257E-EC2E-3C2C-83D1-11CC68678630}.Debug|x64.ActiveCfg = Debug|x64
		{FCFC257E-EC2E-3C2C-83D1-11CC68678630}.Debug|x64.Build.0 = Debug|x64
		{FCFC257E-EC2E-3C2C-83D1-11CC68678630}.Release|x64.ActiveCfg = Release|x64
		{FCFC257E-EC2E-3C2C-83D1-11CC68678630}.Release|x64.Build.0 = Release|x64
		{FCFC257E-EC2E-3C2C-83D1-11CC68678630}.MinSizeRel|x64.ActiveCfg = MinSizeRel|x64
		{FCFC257E-EC2E-3C2C-83D1-11CC68678630}.MinSizeRel|x64.Build.0 = MinSizeRel|x64
		{FCFC257E-EC2E-3C2C-83D1-11CC68678630}.RelWithDebInfo|x64.ActiveCfg = RelWithDebInfo|x64
		{FCFC257E-EC2E-3C2C-83D1-11CC68678630}.RelWithDebInfo|x64.Build.0 = RelWithDebInfo|x64
		{ECFE0C92-84A4-3169-A3DA-F657EAA2F0DD}.Debug|x64.ActiveCfg = Debug|x64
		{ECFE0C92-84A4-3169-A3DA-F657EAA2F0DD}.Debug|x64.Build.0 = Debug|x64
		{ECFE0C92-84A4-3169-A3DA-F657EAA2F0DD}.Release|x64.ActiveCfg = Release|x64
		{ECFE0C92-84A4-3169-A3DA-F657EAA2F0DD}.Release|x64.Build.0 = Release|x64
		{ECFE0C92-84A4-3169-A3DA-F657EAA2F0DD}.MinSizeRel|x64.ActiveCfg = MinSizeRel|x64
		{ECFE0C92-84A4-3169-A3DA-F657EAA2F0DD}.MinSizeRel|x64.Build.0 = MinSizeRel|x64
		{ECFE0C92-84A4-3169-A3DA-F657EAA2F0DD}.RelWithDebInfo|x64.ActiveCfg = RelWithDebInfo|x64
		{ECFE0C92-84A4-3169-A3DA-F657EAA2F0DD}.RelWithDebInfo|x64.Build.0 = RelWithDebInfo|x64
		{B8B37212-FD05-3DFB-9A7F-07014A5B8FC0}.Debug|x64.ActiveCfg = Debug|x64
		{B8B37212-FD05-3DFB-9A7F-07014A5B8FC0}.Debug|x64.Build.0 = Debug|x64
		{B8B37212-FD05-3DFB-9A7F-07014A5B8FC0}.Release|x64.ActiveCfg = Release|x64
		{B8B37212-FD05-3DFB-9A7F-07014A5B8FC0}.Release|x64.Build.0 = Release|x64
		{B8B37212-FD05-3DFB-9A7F-07014A5B8FC0}.MinSizeRel|x64.ActiveCfg = MinSizeRel|x64
		{B8B37212-FD05-3DFB-9A7F-07014A5B8FC0}.MinSizeRel|x64.Build.0 = MinSizeRel|x64
		{B8B37212-FD05-3DFB-9A7F-07014A5B8FC0}.RelWithDebInfo|x64.ActiveCfg = RelWithDebInfo|x64
		{B8B37212-FD05-3DFB-9A7F-07014A5B8FC0}.RelWithDebInfo|x64.Build.0 = RelWithDebInfo|x64
		{1CCD2858-2272-3B24-8D9F-2672B21E7EDD}.Debug|x64.ActiveCfg = Debug|x64
		{1CCD2858-2272-3B24-8D9F-2672B21E7EDD}.Debug|x64.Build.0 = Debug|x64
		{1CCD2858-2272-3B24-8D9F-2672B21E7EDD}.Release|x64.ActiveCfg = Release|x64
		{1CCD2858-2272-3B24-8D9F-2672B21E7EDD}.Release|x64.Build.0 = Release|x64
		{1CCD2858-2272-3B24-8D9F-2672B21E7EDD}.MinSizeRel|x64.ActiveCfg = MinSizeRel|x64
		{1CCD2858-2272-3B24-8D9F-2672B21E7EDD}.MinSizeRel|x64.Build.0 = MinSizeRel|x64
		{1CCD2858-2272-3B24-8D9F-2672B21E7EDD}.RelWithDebInfo|x64.ActiveCfg = RelWithDebInfo|x64
		{1CCD2858-2272-3B24-8D9F-2672B21E7EDD}.RelWithDebInfo|x64.Build.0 = RelWithDebInfo|x64
		{8AA00F15-C415-3ABD-875F-688A5F90914D}.Debug|x64.ActiveCfg = Debug|x64
		{8AA00F15-C415-3ABD-875F-688A5F90914D}.Debug|x64.Build.0 = Debug|x64
		{8AA00F15-C415-3ABD-875F-688A5F90914D}.Release|x64.ActiveCfg = Release|x64
		{8AA00F15-C415-3ABD-875F-688A5F90914D}.Release|x64.Build.0 = Release|x64
		{8AA00F15-C415-3ABD-875F-688A5F90914D}.MinSizeRel|x64.ActiveCfg = MinSizeRel|x64
		{8AA00F15-C415-3ABD-875F-688A5F90914D}.MinSizeRel|x64.Build.0 = MinSizeRel|x64
		{8AA00F15-C415-3ABD-875F-688A5F90914D}.RelWithDebInfo|x64.ActiveCfg = RelWithDebInfo|x64
		{8AA00F15-C415-3ABD-875F-688A5F90914D}.RelWithDebInfo|x64.Build.0 = RelWithDebInfo|x64
		{69EED3DF-4CDE-3259-ADD6-F3BE591EEFE4}.Debug|x64.ActiveCfg = Debug|x64
		{69EED3DF-4CDE-3259-ADD6-F3BE591EEFE4}.Debug|x64.Build.0 = Debug|x64
		{69EED3DF-4CDE-3259-ADD6-F3BE591EEFE4}.Release|x64.ActiveCfg = Release|x64
		{69EED3DF-4CDE-3259-ADD6-F3BE591EEFE4}.Release|x64.Build.0 = Release|x64
		{69EED3DF-4CDE-3259-ADD6-F3BE591EEFE4}.MinSizeRel|x64.ActiveCfg = MinSizeRel|x64
		{69EED3DF-4CDE-3259-ADD6-F3BE591EEFE4}.MinSizeRel|x64.Build.0 = MinSizeRel|x64
		{69EED3DF-4CDE-3259-ADD6-F3BE591EEFE4}.RelWithDebInfo|x64.ActiveCfg = RelWithDebInfo|x64
		{69EED3DF-4CDE-3259-ADD6-F3BE591EEFE4}.RelWithDebInfo|x64.Build.0 = RelWithDebInfo|x64
	EndGlobalSection
	GlobalSection(ExtensibilityGlobals) = postSolution
		SolutionGuid = {17293685-319E-31A8-B603-E1BFA4CC74B0}
	EndGlobalSection
	GlobalSection(ExtensibilityAddIns) = postSolution
	EndGlobalSection
EndGlobal
