
Microsoft Visual Studio Solution File, Format Version 12.00
# Visual Studio Version 17
Project("{8BC9CEB8-8B4A-11D0-8D11-00A0C91BC942}") = "ALL_BUILD", "ALL_BUILD.vcxproj", "{82365A69-C4C1-335C-9D37-08302687C915}"
	ProjectSection(ProjectDependencies) = postProject
		{983BDE0C-C29B-3A03-9264-33D2D22FF4D5} = {983BDE0C-C29B-3A03-9264-33D2D22FF4D5}
		{5E46196F-4A19-31CC-BFF0-009CD51CF49D} = {5E46196F-4A19-31CC-BFF0-009CD51CF49D}
		{EF9BE2E2-CA60-35B4-948D-60A0D268AD01} = {EF9BE2E2-CA60-35B4-948D-60A0D268AD01}
		{22028691-C33F-35B4-8BF6-2B041C569FBC} = {22028691-C33F-35B4-8BF6-2B041C569FBC}
		{F7ED8FF7-EF65-305D-BB57-1CE1F65F1F63} = {F7ED8FF7-EF65-305D-BB57-1CE1F65F1F63}
		{8490F7CB-ECE5-3F4C-A4CB-A880225FC3A1} = {8490F7CB-ECE5-3F4C-A4CB-A880225FC3A1}
	EndProjectSection
EndProject
Project("{8BC9CEB8-8B4A-11D0-8D11-00A0C91BC942}") = "Lab1C", "Lab1C\Lab1C.vcxproj", "{983BDE0C-C29B-3A03-9264-33D2D22FF4D5}"
	ProjectSection(ProjectDependencies) = postProject
		{5E46196F-4A19-31CC-BFF0-009CD51CF49D} = {5E46196F-4A19-31CC-BFF0-009CD51CF49D}
		{8490F7CB-ECE5-3F4C-A4CB-A880225FC3A1} = {8490F7CB-ECE5-3F4C-A4CB-A880225FC3A1}
	EndProjectSection
EndProject
Project("{8BC9CEB8-8B4A-11D0-8D11-00A0C91BC942}") = "LibraryC", "LibraryC\LibraryC.vcxproj", "{5E46196F-4A19-31CC-BFF0-009CD51CF49D}"
	ProjectSection(ProjectDependencies) = postProject
		{8490F7CB-ECE5-3F4C-A4CB-A880225FC3A1} = {8490F7CB-ECE5-3F4C-A4CB-A880225FC3A1}
	EndProjectSection
EndProject
Project("{8BC9CEB8-8B4A-11D0-8D11-00A0C91BC942}") = "LibraryCPP", "LibraryCPP\LibraryCPP.vcxproj", "{EF9BE2E2-CA60-35B4-948D-60A0D268AD01}"
	ProjectSection(ProjectDependencies) = postProject
		{8490F7CB-ECE5-3F4C-A4CB-A880225FC3A1} = {8490F7CB-ECE5-3F4C-A4CB-A880225FC3A1}
	EndProjectSection
EndProject
Project("{8BC9CEB8-8B4A-11D0-8D11-00A0C91BC942}") = "LibraryCPPClass", "LibraryCPPClass\LibraryCPPClass.vcxproj", "{22028691-C33F-35B4-8BF6-2B041C569FBC}"
	ProjectSection(ProjectDependencies) = postProject
		{8490F7CB-ECE5-3F4C-A4CB-A880225FC3A1} = {8490F7CB-ECE5-3F4C-A4CB-A880225FC3A1}
	EndProjectSection
EndProject
Project("{8BC9CEB8-8B4A-11D0-8D11-00A0C91BC942}") = "RUN_TESTS", "RUN_TESTS.vcxproj", "{8AD15CD3-8187-3A92-A17F-B4E971C64508}"
	ProjectSection(ProjectDependencies) = postProject
		{8490F7CB-ECE5-3F4C-A4CB-A880225FC3A1} = {8490F7CB-ECE5-3F4C-A4CB-A880225FC3A1}
	EndProjectSection
EndProject
Project("{8BC9CEB8-8B4A-11D0-8D11-00A0C91BC942}") = "TestArrayC", "LibraryC\Tests\TestArrayC.vcxproj", "{F7ED8FF7-EF65-305D-BB57-1CE1F65F1F63}"
	ProjectSection(ProjectDependencies) = postProject
		{5E46196F-4A19-31CC-BFF0-009CD51CF49D} = {5E46196F-4A19-31CC-BFF0-009CD51CF49D}
		{8490F7CB-ECE5-3F4C-A4CB-A880225FC3A1} = {8490F7CB-ECE5-3F4C-A4CB-A880225FC3A1}
	EndProjectSection
EndProject
Project("{8BC9CEB8-8B4A-11D0-8D11-00A0C91BC942}") = "ZERO_CHECK", "ZERO_CHECK.vcxproj", "{8490F7CB-ECE5-3F4C-A4CB-A880225FC3A1}"
	ProjectSection(ProjectDependencies) = postProject
	EndProjectSection
EndProject
Global
	GlobalSection(SolutionConfigurationPlatforms) = preSolution
		Debug|x64 = Debug|x64
		Release|x64 = Release|x64
		MinSizeRel|x64 = MinSizeRel|x64
		RelWithDebInfo|x64 = RelWithDebInfo|x64
	EndGlobalSection
	GlobalSection(ProjectConfigurationPlatforms) = postSolution
		{82365A69-C4C1-335C-9D37-08302687C915}.Debug|x64.ActiveCfg = Debug|x64
		{82365A69-C4C1-335C-9D37-08302687C915}.Release|x64.ActiveCfg = Release|x64
		{82365A69-C4C1-335C-9D37-08302687C915}.MinSizeRel|x64.ActiveCfg = MinSizeRel|x64
		{82365A69-C4C1-335C-9D37-08302687C915}.RelWithDebInfo|x64.ActiveCfg = RelWithDebInfo|x64
		{983BDE0C-C29B-3A03-9264-33D2D22FF4D5}.Debug|x64.ActiveCfg = Debug|x64
		{983BDE0C-C29B-3A03-9264-33D2D22FF4D5}.Debug|x64.Build.0 = Debug|x64
		{983BDE0C-C29B-3A03-9264-33D2D22FF4D5}.Release|x64.ActiveCfg = Release|x64
		{983BDE0C-C29B-3A03-9264-33D2D22FF4D5}.Release|x64.Build.0 = Release|x64
		{983BDE0C-C29B-3A03-9264-33D2D22FF4D5}.MinSizeRel|x64.ActiveCfg = MinSizeRel|x64
		{983BDE0C-C29B-3A03-9264-33D2D22FF4D5}.MinSizeRel|x64.Build.0 = MinSizeRel|x64
		{983BDE0C-C29B-3A03-9264-33D2D22FF4D5}.RelWithDebInfo|x64.ActiveCfg = RelWithDebInfo|x64
		{983BDE0C-C29B-3A03-9264-33D2D22FF4D5}.RelWithDebInfo|x64.Build.0 = RelWithDebInfo|x64
		{5E46196F-4A19-31CC-BFF0-009CD51CF49D}.Debug|x64.ActiveCfg = Debug|x64
		{5E46196F-4A19-31CC-BFF0-009CD51CF49D}.Debug|x64.Build.0 = Debug|x64
		{5E46196F-4A19-31CC-BFF0-009CD51CF49D}.Release|x64.ActiveCfg = Release|x64
		{5E46196F-4A19-31CC-BFF0-009CD51CF49D}.Release|x64.Build.0 = Release|x64
		{5E46196F-4A19-31CC-BFF0-009CD51CF49D}.MinSizeRel|x64.ActiveCfg = MinSizeRel|x64
		{5E46196F-4A19-31CC-BFF0-009CD51CF49D}.MinSizeRel|x64.Build.0 = MinSizeRel|x64
		{5E46196F-4A19-31CC-BFF0-009CD51CF49D}.RelWithDebInfo|x64.ActiveCfg = RelWithDebInfo|x64
		{5E46196F-4A19-31CC-BFF0-009CD51CF49D}.RelWithDebInfo|x64.Build.0 = RelWithDebInfo|x64
		{EF9BE2E2-CA60-35B4-948D-60A0D268AD01}.Debug|x64.ActiveCfg = Debug|x64
		{EF9BE2E2-CA60-35B4-948D-60A0D268AD01}.Debug|x64.Build.0 = Debug|x64
		{EF9BE2E2-CA60-35B4-948D-60A0D268AD01}.Release|x64.ActiveCfg = Release|x64
		{EF9BE2E2-CA60-35B4-948D-60A0D268AD01}.Release|x64.Build.0 = Release|x64
		{EF9BE2E2-CA60-35B4-948D-60A0D268AD01}.MinSizeRel|x64.ActiveCfg = MinSizeRel|x64
		{EF9BE2E2-CA60-35B4-948D-60A0D268AD01}.MinSizeRel|x64.Build.0 = MinSizeRel|x64
		{EF9BE2E2-CA60-35B4-948D-60A0D268AD01}.RelWithDebInfo|x64.ActiveCfg = RelWithDebInfo|x64
		{EF9BE2E2-CA60-35B4-948D-60A0D268AD01}.RelWithDebInfo|x64.Build.0 = RelWithDebInfo|x64
		{22028691-C33F-35B4-8BF6-2B041C569FBC}.Debug|x64.ActiveCfg = Debug|x64
		{22028691-C33F-35B4-8BF6-2B041C569FBC}.Debug|x64.Build.0 = Debug|x64
		{22028691-C33F-35B4-8BF6-2B041C569FBC}.Release|x64.ActiveCfg = Release|x64
		{22028691-C33F-35B4-8BF6-2B041C569FBC}.Release|x64.Build.0 = Release|x64
		{22028691-C33F-35B4-8BF6-2B041C569FBC}.MinSizeRel|x64.ActiveCfg = MinSizeRel|x64
		{22028691-C33F-35B4-8BF6-2B041C569FBC}.MinSizeRel|x64.Build.0 = MinSizeRel|x64
		{22028691-C33F-35B4-8BF6-2B041C569FBC}.RelWithDebInfo|x64.ActiveCfg = RelWithDebInfo|x64
		{22028691-C33F-35B4-8BF6-2B041C569FBC}.RelWithDebInfo|x64.Build.0 = RelWithDebInfo|x64
		{8AD15CD3-8187-3A92-A17F-B4E971C64508}.Debug|x64.ActiveCfg = Debug|x64
		{8AD15CD3-8187-3A92-A17F-B4E971C64508}.Release|x64.ActiveCfg = Release|x64
		{8AD15CD3-8187-3A92-A17F-B4E971C64508}.MinSizeRel|x64.ActiveCfg = MinSizeRel|x64
		{8AD15CD3-8187-3A92-A17F-B4E971C64508}.RelWithDebInfo|x64.ActiveCfg = RelWithDebInfo|x64
		{F7ED8FF7-EF65-305D-BB57-1CE1F65F1F63}.Debug|x64.ActiveCfg = Debug|x64
		{F7ED8FF7-EF65-305D-BB57-1CE1F65F1F63}.Debug|x64.Build.0 = Debug|x64
		{F7ED8FF7-EF65-305D-BB57-1CE1F65F1F63}.Release|x64.ActiveCfg = Release|x64
		{F7ED8FF7-EF65-305D-BB57-1CE1F65F1F63}.Release|x64.Build.0 = Release|x64
		{F7ED8FF7-EF65-305D-BB57-1CE1F65F1F63}.MinSizeRel|x64.ActiveCfg = MinSizeRel|x64
		{F7ED8FF7-EF65-305D-BB57-1CE1F65F1F63}.MinSizeRel|x64.Build.0 = MinSizeRel|x64
		{F7ED8FF7-EF65-305D-BB57-1CE1F65F1F63}.RelWithDebInfo|x64.ActiveCfg = RelWithDebInfo|x64
		{F7ED8FF7-EF65-305D-BB57-1CE1F65F1F63}.RelWithDebInfo|x64.Build.0 = RelWithDebInfo|x64
		{8490F7CB-ECE5-3F4C-A4CB-A880225FC3A1}.Debug|x64.ActiveCfg = Debug|x64
		{8490F7CB-ECE5-3F4C-A4CB-A880225FC3A1}.Debug|x64.Build.0 = Debug|x64
		{8490F7CB-ECE5-3F4C-A4CB-A880225FC3A1}.Release|x64.ActiveCfg = Release|x64
		{8490F7CB-ECE5-3F4C-A4CB-A880225FC3A1}.Release|x64.Build.0 = Release|x64
		{8490F7CB-ECE5-3F4C-A4CB-A880225FC3A1}.MinSizeRel|x64.ActiveCfg = MinSizeRel|x64
		{8490F7CB-ECE5-3F4C-A4CB-A880225FC3A1}.MinSizeRel|x64.Build.0 = MinSizeRel|x64
		{8490F7CB-ECE5-3F4C-A4CB-A880225FC3A1}.RelWithDebInfo|x64.ActiveCfg = RelWithDebInfo|x64
		{8490F7CB-ECE5-3F4C-A4CB-A880225FC3A1}.RelWithDebInfo|x64.Build.0 = RelWithDebInfo|x64
	EndGlobalSection
	GlobalSection(ExtensibilityGlobals) = postSolution
		SolutionGuid = {22CCDE8A-3A7E-3E25-83BA-DD7E837171EA}
	EndGlobalSection
	GlobalSection(ExtensibilityAddIns) = postSolution
	EndGlobalSection
EndGlobal
