
Microsoft Visual Studio Solution File, Format Version 12.00
# Visual Studio Version 17
Project("{8BC9CEB8-8B4A-11D0-8D11-00A0C91BC942}") = "ALL_BUILD", "ALL_BUILD.vcxproj", "{A6CD4BF6-7BF0-3764-8090-66150D895A77}"
	ProjectSection(ProjectDependencies) = postProject
		{016B9651-055A-33D9-AA17-13C3B819EE9B} = {016B9651-055A-33D9-AA17-13C3B819EE9B}
		{5F420DAE-C6F6-3469-8874-FA98C2796B58} = {5F420DAE-C6F6-3469-8874-FA98C2796B58}
		{42A73ABE-0CC2-3674-A0B5-0A27E707A1E6} = {42A73ABE-0CC2-3674-A0B5-0A27E707A1E6}
		{E3DB14FB-5F0B-346B-89CF-2B06091A0080} = {E3DB14FB-5F0B-346B-89CF-2B06091A0080}
		{9953B8EB-572C-3EB7-93A8-F187CA4A5A5F} = {9953B8EB-572C-3EB7-93A8-F187CA4A5A5F}
		{AF6F6B25-03E6-3ACB-B555-0F9961B9A316} = {AF6F6B25-03E6-3ACB-B555-0F9961B9A316}
	EndProjectSection
EndProject
Project("{8BC9CEB8-8B4A-11D0-8D11-00A0C91BC942}") = "Lab1C", "Lab1C\Lab1C.vcxproj", "{016B9651-055A-33D9-AA17-13C3B819EE9B}"
	ProjectSection(ProjectDependencies) = postProject
		{5F420DAE-C6F6-3469-8874-FA98C2796B58} = {5F420DAE-C6F6-3469-8874-FA98C2796B58}
		{AF6F6B25-03E6-3ACB-B555-0F9961B9A316} = {AF6F6B25-03E6-3ACB-B555-0F9961B9A316}
	EndProjectSection
EndProject
Project("{8BC9CEB8-8B4A-11D0-8D11-00A0C91BC942}") = "LibraryC", "LibraryC\LibraryC.vcxproj", "{5F420DAE-C6F6-3469-8874-FA98C2796B58}"
	ProjectSection(ProjectDependencies) = postProject
		{AF6F6B25-03E6-3ACB-B555-0F9961B9A316} = {AF6F6B25-03E6-3ACB-B555-0F9961B9A316}
	EndProjectSection
EndProject
Project("{8BC9CEB8-8B4A-11D0-8D11-00A0C91BC942}") = "LibraryCPP", "LibraryCPP\LibraryCPP.vcxproj", "{42A73ABE-0CC2-3674-A0B5-0A27E707A1E6}"
	ProjectSection(ProjectDependencies) = postProject
		{AF6F6B25-03E6-3ACB-B555-0F9961B9A316} = {AF6F6B25-03E6-3ACB-B555-0F9961B9A316}
	EndProjectSection
EndProject
Project("{8BC9CEB8-8B4A-11D0-8D11-00A0C91BC942}") = "LibraryCPPClass", "LibraryCPPClass\LibraryCPPClass.vcxproj", "{E3DB14FB-5F0B-346B-89CF-2B06091A0080}"
	ProjectSection(ProjectDependencies) = postProject
		{AF6F6B25-03E6-3ACB-B555-0F9961B9A316} = {AF6F6B25-03E6-3ACB-B555-0F9961B9A316}
	EndProjectSection
EndProject
Project("{8BC9CEB8-8B4A-11D0-8D11-00A0C91BC942}") = "RUN_TESTS", "RUN_TESTS.vcxproj", "{6136DE4E-6098-34D4-9D3C-41E3EB80081D}"
	ProjectSection(ProjectDependencies) = postProject
		{AF6F6B25-03E6-3ACB-B555-0F9961B9A316} = {AF6F6B25-03E6-3ACB-B555-0F9961B9A316}
	EndProjectSection
EndProject
Project("{8BC9CEB8-8B4A-11D0-8D11-00A0C91BC942}") = "TestArrayC", "LibraryC\Tests\TestArrayC.vcxproj", "{9953B8EB-572C-3EB7-93A8-F187CA4A5A5F}"
	ProjectSection(ProjectDependencies) = postProject
		{5F420DAE-C6F6-3469-8874-FA98C2796B58} = {5F420DAE-C6F6-3469-8874-FA98C2796B58}
		{AF6F6B25-03E6-3ACB-B555-0F9961B9A316} = {AF6F6B25-03E6-3ACB-B555-0F9961B9A316}
	EndProjectSection
EndProject
Project("{8BC9CEB8-8B4A-11D0-8D11-00A0C91BC942}") = "ZERO_CHECK", "ZERO_CHECK.vcxproj", "{AF6F6B25-03E6-3ACB-B555-0F9961B9A316}"
	ProjectSection(ProjectDependencies) = postProject
	EndProjectSection
EndProject
Global
	GlobalSection(SolutionConfigurationPlatforms) = preSolution
		Debug|x64 = Debug|x64
		Release|x64 = Release|x64
		MinSizeRel|x64 = MinSizeRel|x64
		RelWithDebInfo|x64 = RelWithDebInfo|x64
	EndGlobalSection
	GlobalSection(ProjectConfigurationPlatforms) = postSolution
		{A6CD4BF6-7BF0-3764-8090-66150D895A77}.Debug|x64.ActiveCfg = Debug|x64
		{A6CD4BF6-7BF0-3764-8090-66150D895A77}.Release|x64.ActiveCfg = Release|x64
		{A6CD4BF6-7BF0-3764-8090-66150D895A77}.MinSizeRel|x64.ActiveCfg = MinSizeRel|x64
		{A6CD4BF6-7BF0-3764-8090-66150D895A77}.RelWithDebInfo|x64.ActiveCfg = RelWithDebInfo|x64
		{016B9651-055A-33D9-AA17-13C3B819EE9B}.Debug|x64.ActiveCfg = Debug|x64
		{016B9651-055A-33D9-AA17-13C3B819EE9B}.Debug|x64.Build.0 = Debug|x64
		{016B9651-055A-33D9-AA17-13C3B819EE9B}.Release|x64.ActiveCfg = Release|x64
		{016B9651-055A-33D9-AA17-13C3B819EE9B}.Release|x64.Build.0 = Release|x64
		{016B9651-055A-33D9-AA17-13C3B819EE9B}.MinSizeRel|x64.ActiveCfg = MinSizeRel|x64
		{016B9651-055A-33D9-AA17-13C3B819EE9B}.MinSizeRel|x64.Build.0 = MinSizeRel|x64
		{016B9651-055A-33D9-AA17-13C3B819EE9B}.RelWithDebInfo|x64.ActiveCfg = RelWithDebInfo|x64
		{016B9651-055A-33D9-AA17-13C3B819EE9B}.RelWithDebInfo|x64.Build.0 = RelWithDebInfo|x64
		{5F420DAE-C6F6-3469-8874-FA98C2796B58}.Debug|x64.ActiveCfg = Debug|x64
		{5F420DAE-C6F6-3469-8874-FA98C2796B58}.Debug|x64.Build.0 = Debug|x64
		{5F420DAE-C6F6-3469-8874-FA98C2796B58}.Release|x64.ActiveCfg = Release|x64
		{5F420DAE-C6F6-3469-8874-FA98C2796B58}.Release|x64.Build.0 = Release|x64
		{5F420DAE-C6F6-3469-8874-FA98C2796B58}.MinSizeRel|x64.ActiveCfg = MinSizeRel|x64
		{5F420DAE-C6F6-3469-8874-FA98C2796B58}.MinSizeRel|x64.Build.0 = MinSizeRel|x64
		{5F420DAE-C6F6-3469-8874-FA98C2796B58}.RelWithDebInfo|x64.ActiveCfg = RelWithDebInfo|x64
		{5F420DAE-C6F6-3469-8874-FA98C2796B58}.RelWithDebInfo|x64.Build.0 = RelWithDebInfo|x64
		{42A73ABE-0CC2-3674-A0B5-0A27E707A1E6}.Debug|x64.ActiveCfg = Debug|x64
		{42A73ABE-0CC2-3674-A0B5-0A27E707A1E6}.Debug|x64.Build.0 = Debug|x64
		{42A73ABE-0CC2-3674-A0B5-0A27E707A1E6}.Release|x64.ActiveCfg = Release|x64
		{42A73ABE-0CC2-3674-A0B5-0A27E707A1E6}.Release|x64.Build.0 = Release|x64
		{42A73ABE-0CC2-3674-A0B5-0A27E707A1E6}.MinSizeRel|x64.ActiveCfg = MinSizeRel|x64
		{42A73ABE-0CC2-3674-A0B5-0A27E707A1E6}.MinSizeRel|x64.Build.0 = MinSizeRel|x64
		{42A73ABE-0CC2-3674-A0B5-0A27E707A1E6}.RelWithDebInfo|x64.ActiveCfg = RelWithDebInfo|x64
		{42A73ABE-0CC2-3674-A0B5-0A27E707A1E6}.RelWithDebInfo|x64.Build.0 = RelWithDebInfo|x64
		{E3DB14FB-5F0B-346B-89CF-2B06091A0080}.Debug|x64.ActiveCfg = Debug|x64
		{E3DB14FB-5F0B-346B-89CF-2B06091A0080}.Debug|x64.Build.0 = Debug|x64
		{E3DB14FB-5F0B-346B-89CF-2B06091A0080}.Release|x64.ActiveCfg = Release|x64
		{E3DB14FB-5F0B-346B-89CF-2B06091A0080}.Release|x64.Build.0 = Release|x64
		{E3DB14FB-5F0B-346B-89CF-2B06091A0080}.MinSizeRel|x64.ActiveCfg = MinSizeRel|x64
		{E3DB14FB-5F0B-346B-89CF-2B06091A0080}.MinSizeRel|x64.Build.0 = MinSizeRel|x64
		{E3DB14FB-5F0B-346B-89CF-2B06091A0080}.RelWithDebInfo|x64.ActiveCfg = RelWithDebInfo|x64
		{E3DB14FB-5F0B-346B-89CF-2B06091A0080}.RelWithDebInfo|x64.Build.0 = RelWithDebInfo|x64
		{6136DE4E-6098-34D4-9D3C-41E3EB80081D}.Debug|x64.ActiveCfg = Debug|x64
		{6136DE4E-6098-34D4-9D3C-41E3EB80081D}.Release|x64.ActiveCfg = Release|x64
		{6136DE4E-6098-34D4-9D3C-41E3EB80081D}.MinSizeRel|x64.ActiveCfg = MinSizeRel|x64
		{6136DE4E-6098-34D4-9D3C-41E3EB80081D}.RelWithDebInfo|x64.ActiveCfg = RelWithDebInfo|x64
		{9953B8EB-572C-3EB7-93A8-F187CA4A5A5F}.Debug|x64.ActiveCfg = Debug|x64
		{9953B8EB-572C-3EB7-93A8-F187CA4A5A5F}.Debug|x64.Build.0 = Debug|x64
		{9953B8EB-572C-3EB7-93A8-F187CA4A5A5F}.Release|x64.ActiveCfg = Release|x64
		{9953B8EB-572C-3EB7-93A8-F187CA4A5A5F}.Release|x64.Build.0 = Release|x64
		{9953B8EB-572C-3EB7-93A8-F187CA4A5A5F}.MinSizeRel|x64.ActiveCfg = MinSizeRel|x64
		{9953B8EB-572C-3EB7-93A8-F187CA4A5A5F}.MinSizeRel|x64.Build.0 = MinSizeRel|x64
		{9953B8EB-572C-3EB7-93A8-F187CA4A5A5F}.RelWithDebInfo|x64.ActiveCfg = RelWithDebInfo|x64
		{9953B8EB-572C-3EB7-93A8-F187CA4A5A5F}.RelWithDebInfo|x64.Build.0 = RelWithDebInfo|x64
		{AF6F6B25-03E6-3ACB-B555-0F9961B9A316}.Debug|x64.ActiveCfg = Debug|x64
		{AF6F6B25-03E6-3ACB-B555-0F9961B9A316}.Debug|x64.Build.0 = Debug|x64
		{AF6F6B25-03E6-3ACB-B555-0F9961B9A316}.Release|x64.ActiveCfg = Release|x64
		{AF6F6B25-03E6-3ACB-B555-0F9961B9A316}.Release|x64.Build.0 = Release|x64
		{AF6F6B25-03E6-3ACB-B555-0F9961B9A316}.MinSizeRel|x64.ActiveCfg = MinSizeRel|x64
		{AF6F6B25-03E6-3ACB-B555-0F9961B9A316}.MinSizeRel|x64.Build.0 = MinSizeRel|x64
		{AF6F6B25-03E6-3ACB-B555-0F9961B9A316}.RelWithDebInfo|x64.ActiveCfg = RelWithDebInfo|x64
		{AF6F6B25-03E6-3ACB-B555-0F9961B9A316}.RelWithDebInfo|x64.Build.0 = RelWithDebInfo|x64
	EndGlobalSection
	GlobalSection(ExtensibilityGlobals) = postSolution
		SolutionGuid = {0707F75B-DF55-3863-9D74-0BEA5771FC0A}
	EndGlobalSection
	GlobalSection(ExtensibilityAddIns) = postSolution
	EndGlobalSection
EndGlobal
