
Microsoft Visual Studio Solution File, Format Version 12.00
# Visual Studio Version 17
VisualStudioVersion = 17.11.35303.130
MinimumVisualStudioVersion = 10.0.40219.1
Project("{8BC9CEB8-8B4A-11D0-8D11-00A0C91BC942}") = "Labor1", "Labor1\Labor1.vcxproj", "{8658E0AC-CF07-4EE9-9CE5-F87F9611E3AD}"
EndProject
Global
	GlobalSection(SolutionConfigurationPlatforms) = preSolution
		Debug|x64 = Debug|x64
		Debug|x86 = Debug|x86
		Release|x64 = Release|x64
		Release|x86 = Release|x86
	EndGlobalSection
	GlobalSection(ProjectConfigurationPlatforms) = postSolution
		{8658E0AC-CF07-4EE9-9CE5-F87F9611E3AD}.Debug|x64.ActiveCfg = Debug|x64
		{8658E0AC-CF07-4EE9-9CE5-F87F9611E3AD}.Debug|x64.Build.0 = Debug|x64
		{8658E0AC-CF07-4EE9-9CE5-F87F9611E3AD}.Debug|x86.ActiveCfg = Debug|Win32
		{8658E0AC-CF07-4EE9-9CE5-F87F9611E3AD}.Debug|x86.Build.0 = Debug|Win32
		{8658E0AC-CF07-4EE9-9CE5-F87F9611E3AD}.Release|x64.ActiveCfg = Release|x64
		{8658E0AC-CF07-4EE9-9CE5-F87F9611E3AD}.Release|x64.Build.0 = Release|x64
		{8658E0AC-CF07-4EE9-9CE5-F87F9611E3AD}.Release|x86.ActiveCfg = Release|Win32
		{8658E0AC-CF07-4EE9-9CE5-F87F9611E3AD}.Release|x86.Build.0 = Release|Win32
	EndGlobalSection
	GlobalSection(SolutionProperties) = preSolution
		HideSolutionNode = FALSE
	EndGlobalSection
	GlobalSection(ExtensibilityGlobals) = postSolution
		SolutionGuid = {17AAA2BE-E0DA-4E78-8434-24ECD9BECA63}
	EndGlobalSection
EndGlobal
